
Microsoft Visual Studio Solution File, Format Version 12.00
Project("{FAE04EC0-301F-11D3-BF4B-00C04F79EFBC}") = "PlayWrightTimeout", "PlayWrightTimeout\PlayWrightTimeout.csproj", "{72AFA657-1BA6-4FC9-989F-356635D38B39}"
EndProject
Global
	GlobalSection(SolutionConfigurationPlatforms) = preSolution
		Debug|Any CPU = Debug|Any CPU
		Release|Any CPU = Release|Any CPU
	EndGlobalSection
	GlobalSection(ProjectConfigurationPlatforms) = postSolution
		{72AFA657-1BA6-4FC9-989F-356635D38B39}.Debug|Any CPU.ActiveCfg = Debug|Any CPU
		{72AFA657-1BA6-4FC9-989F-356635D38B39}.Debug|Any CPU.Build.0 = Debug|Any CPU
		{72AFA657-1BA6-4FC9-989F-356635D38B39}.Release|Any CPU.ActiveCfg = Release|Any CPU
		{72AFA657-1BA6-4FC9-989F-356635D38B39}.Release|Any CPU.Build.0 = Release|Any CPU
	EndGlobalSection
EndGlobal
